# This file is automatically @generated by Cargo.
# It is not intended for manual editing.
version = 3

[[package]]
name = "rpi-provision"
version = "0.1.0"
dependencies = [
 "rpi-provision-apply",
 "rpi-provision-render",
 "rpi-provision-spec",
 "rpi-provision-toml",
]

[[package]]
name = "rpi-provision-apply"
version = "0.1.0"
dependencies = [
 "rpi-provision-render",
 "rpi-provision-spec",
]

[[package]]
name = "rpi-provision-render"
version = "0.1.0"
dependencies = [
 "rpi-provision-spec",
]

[[package]]
name = "rpi-provision-spec"
version = "0.1.0"
dependencies = [
 "rpi-provision-toml",
]

[[package]]
name = "rpi-provision-toml"
version = "0.1.0"
